
Microsoft Visual Studio Solution File, Format Version 12.00
# Visual Studio Version 17
VisualStudioVersion = 17.5.33424.131
MinimumVisualStudioVersion = 10.0.40219.1
Project("{9A19103F-16F7-4668-BE54-9A1E7A4F7556}") = "DataAccess", "DataAccess\DataAccess.csproj", "{EC88AFD3-298B-4557-81DE-B2575134E126}"
EndProject
Project("{9A19103F-16F7-4668-BE54-9A1E7A4F7556}") = "Business", "Business\Business.csproj", "{DFF2F59E-FEF4-4518-8600-5ACE921DFE42}"
EndProject
Project("{9A19103F-16F7-4668-BE54-9A1E7A4F7556}") = "Entities", "Entities\Entities.csproj", "{540CC0A1-AF55-4144-BF7B-908433F15215}"
EndProject
Project("{9A19103F-16F7-4668-BE54-9A1E7A4F7556}") = "Core", "Core\Core.csproj", "{0CBD60E0-3616-4A0C-9A35-9EC99551AA89}"
EndProject
Project("{FAE04EC0-301F-11D3-BF4B-00C04F79EFBC}") = "API", "API\API.csproj", "{CA24BE39-1F4A-4B7B-9E99-4F4D0E0EBC59}"
EndProject
Global
	GlobalSection(SolutionConfigurationPlatforms) = preSolution
		Debug|Any CPU = Debug|Any CPU
		Release|Any CPU = Release|Any CPU
	EndGlobalSection
	GlobalSection(ProjectConfigurationPlatforms) = postSolution
		{EC88AFD3-298B-4557-81DE-B2575134E126}.Debug|Any CPU.ActiveCfg = Debug|Any CPU
		{EC88AFD3-298B-4557-81DE-B2575134E126}.Debug|Any CPU.Build.0 = Debug|Any CPU
		{EC88AFD3-298B-4557-81DE-B2575134E126}.Release|Any CPU.ActiveCfg = Release|Any CPU
		{EC88AFD3-298B-4557-81DE-B2575134E126}.Release|Any CPU.Build.0 = Release|Any CPU
		{DFF2F59E-FEF4-4518-8600-5ACE921DFE42}.Debug|Any CPU.ActiveCfg = Debug|Any CPU
		{DFF2F59E-FEF4-4518-8600-5ACE921DFE42}.Debug|Any CPU.Build.0 = Debug|Any CPU
		{DFF2F59E-FEF4-4518-8600-5ACE921DFE42}.Release|Any CPU.ActiveCfg = Release|Any CPU
		{DFF2F59E-FEF4-4518-8600-5ACE921DFE42}.Release|Any CPU.Build.0 = Release|Any CPU
		{540CC0A1-AF55-4144-BF7B-908433F15215}.Debug|Any CPU.ActiveCfg = Debug|Any CPU
		{540CC0A1-AF55-4144-BF7B-908433F15215}.Debug|Any CPU.Build.0 = Debug|Any CPU
		{540CC0A1-AF55-4144-BF7B-908433F15215}.Release|Any CPU.ActiveCfg = Release|Any CPU
		{540CC0A1-AF55-4144-BF7B-908433F15215}.Release|Any CPU.Build.0 = Release|Any CPU
		{0CBD60E0-3616-4A0C-9A35-9EC99551AA89}.Debug|Any CPU.ActiveCfg = Debug|Any CPU
		{0CBD60E0-3616-4A0C-9A35-9EC99551AA89}.Debug|Any CPU.Build.0 = Debug|Any CPU
		{0CBD60E0-3616-4A0C-9A35-9EC99551AA89}.Release|Any CPU.ActiveCfg = Release|Any CPU
		{0CBD60E0-3616-4A0C-9A35-9EC99551AA89}.Release|Any CPU.Build.0 = Release|Any CPU
		{CA24BE39-1F4A-4B7B-9E99-4F4D0E0EBC59}.Debug|Any CPU.ActiveCfg = Debug|Any CPU
		{CA24BE39-1F4A-4B7B-9E99-4F4D0E0EBC59}.Debug|Any CPU.Build.0 = Debug|Any CPU
		{CA24BE39-1F4A-4B7B-9E99-4F4D0E0EBC59}.Release|Any CPU.ActiveCfg = Release|Any CPU
		{CA24BE39-1F4A-4B7B-9E99-4F4D0E0EBC59}.Release|Any CPU.Build.0 = Release|Any CPU
	EndGlobalSection
	GlobalSection(SolutionProperties) = preSolution
		HideSolutionNode = FALSE
	EndGlobalSection
	GlobalSection(ExtensibilityGlobals) = postSolution
		SolutionGuid = {4A857976-534A-4A71-AF5B-9ADA2A08CAE0}
	EndGlobalSection
EndGlobal
